
Microsoft Visual Studio Solution File, Format Version 12.00
# Visual Studio Version 17
VisualStudioVersion = 17.14.36414.22 d17.14
MinimumVisualStudioVersion = 10.0.40219.1
Project("{FAE04EC0-301F-11D3-BF4B-00C04F79EFBC}") = "NouteAPI", "NouteAPI\NouteAPI.csproj", "{B4AB32FF-C068-4DCC-80E3-0C401023E396}"
EndProject
Global
	GlobalSection(SolutionConfigurationPlatforms) = preSolution
		Debug|Any CPU = Debug|Any CPU
		Release|Any CPU = Release|Any CPU
	EndGlobalSection
	GlobalSection(ProjectConfigurationPlatforms) = postSolution
		{B4AB32FF-C068-4DCC-80E3-0C401023E396}.Debug|Any CPU.ActiveCfg = Debug|Any CPU
		{B4AB32FF-C068-4DCC-80E3-0C401023E396}.Debug|Any CPU.Build.0 = Debug|Any CPU
		{B4AB32FF-C068-4DCC-80E3-0C401023E396}.Release|Any CPU.ActiveCfg = Release|Any CPU
		{B4AB32FF-C068-4DCC-80E3-0C401023E396}.Release|Any CPU.Build.0 = Release|Any CPU
	EndGlobalSection
	GlobalSection(SolutionProperties) = preSolution
		HideSolutionNode = FALSE
	EndGlobalSection
	GlobalSection(ExtensibilityGlobals) = postSolution
		SolutionGuid = {04C70CB5-0DD8-4C22-AFFE-507C917B01A4}
	EndGlobalSection
EndGlobal
